
Microsoft Visual Studio Solution File, Format Version 12.00
# Visual Studio Version 17
VisualStudioVersion = 17.2.32630.192
MinimumVisualStudioVersion = 10.0.40219.1
Project("{FAE04EC0-301F-11D3-BF4B-00C04F79EFBC}") = "Method_Overloading", "Method_Overloading.csproj", "{5423288C-2FC2-4FEF-A9F1-9BE8A8551DF5}"
EndProject
Global
	GlobalSection(SolutionConfigurationPlatforms) = preSolution
		Debug|Any CPU = Debug|Any CPU
		Release|Any CPU = Release|Any CPU
	EndGlobalSection
	GlobalSection(ProjectConfigurationPlatforms) = postSolution
		{5423288C-2FC2-4FEF-A9F1-9BE8A8551DF5}.Debug|Any CPU.ActiveCfg = Debug|Any CPU
		{5423288C-2FC2-4FEF-A9F1-9BE8A8551DF5}.Debug|Any CPU.Build.0 = Debug|Any CPU
		{5423288C-2FC2-4FEF-A9F1-9BE8A8551DF5}.Release|Any CPU.ActiveCfg = Release|Any CPU
		{5423288C-2FC2-4FEF-A9F1-9BE8A8551DF5}.Release|Any CPU.Build.0 = Release|Any CPU
	EndGlobalSection
	GlobalSection(SolutionProperties) = preSolution
		HideSolutionNode = FALSE
	EndGlobalSection
	GlobalSection(ExtensibilityGlobals) = postSolution
		SolutionGuid = {3FFBDA82-54E2-4418-B9CF-80D9E1FA12F3}
	EndGlobalSection
EndGlobal
