
Microsoft Visual Studio Solution File, Format Version 12.00
# Visual Studio Version 17
VisualStudioVersion = 17.3.32901.215
MinimumVisualStudioVersion = 10.0.40219.1
Project("{FAE04EC0-301F-11D3-BF4B-00C04F79EFBC}") = "Experiment8", "Experiment8.csproj", "{EB27B659-1F5B-4EBD-AC1D-2F21DE2D1185}"
EndProject
Global
	GlobalSection(SolutionConfigurationPlatforms) = preSolution
		Debug|Any CPU = Debug|Any CPU
		Release|Any CPU = Release|Any CPU
	EndGlobalSection
	GlobalSection(ProjectConfigurationPlatforms) = postSolution
		{EB27B659-1F5B-4EBD-AC1D-2F21DE2D1185}.Debug|Any CPU.ActiveCfg = Debug|Any CPU
		{EB27B659-1F5B-4EBD-AC1D-2F21DE2D1185}.Debug|Any CPU.Build.0 = Debug|Any CPU
		{EB27B659-1F5B-4EBD-AC1D-2F21DE2D1185}.Release|Any CPU.ActiveCfg = Release|Any CPU
		{EB27B659-1F5B-4EBD-AC1D-2F21DE2D1185}.Release|Any CPU.Build.0 = Release|Any CPU
	EndGlobalSection
	GlobalSection(SolutionProperties) = preSolution
		HideSolutionNode = FALSE
	EndGlobalSection
	GlobalSection(ExtensibilityGlobals) = postSolution
		SolutionGuid = {DEE8E25B-BF62-43F2-883D-D1A0C4C840C6}
	EndGlobalSection
EndGlobal
