
Microsoft Visual Studio Solution File, Format Version 12.00
# Visual Studio Version 17
VisualStudioVersion = 17.2.32630.192
MinimumVisualStudioVersion = 10.0.40219.1
Project("{FAE04EC0-301F-11D3-BF4B-00C04F79EFBC}") = "Method_overload_order", "Method_overload_order.csproj", "{B400AF5D-18EC-4B1A-9B48-548246E6A061}"
EndProject
Global
	GlobalSection(SolutionConfigurationPlatforms) = preSolution
		Debug|Any CPU = Debug|Any CPU
		Release|Any CPU = Release|Any CPU
	EndGlobalSection
	GlobalSection(ProjectConfigurationPlatforms) = postSolution
		{B400AF5D-18EC-4B1A-9B48-548246E6A061}.Debug|Any CPU.ActiveCfg = Debug|Any CPU
		{B400AF5D-18EC-4B1A-9B48-548246E6A061}.Debug|Any CPU.Build.0 = Debug|Any CPU
		{B400AF5D-18EC-4B1A-9B48-548246E6A061}.Release|Any CPU.ActiveCfg = Release|Any CPU
		{B400AF5D-18EC-4B1A-9B48-548246E6A061}.Release|Any CPU.Build.0 = Release|Any CPU
	EndGlobalSection
	GlobalSection(SolutionProperties) = preSolution
		HideSolutionNode = FALSE
	EndGlobalSection
	GlobalSection(ExtensibilityGlobals) = postSolution
		SolutionGuid = {B8669431-D60D-4FE1-91AA-0438184C039D}
	EndGlobalSection
EndGlobal
